
Microsoft Visual Studio Solution File, Format Version 12.00
# Visual Studio Version 17
VisualStudioVersion = 17.5.002.0
MinimumVisualStudioVersion = 10.0.40219.1
Project("{9A19103F-16F7-4668-BE54-9A1E7A4F7556}") = "Catalog.API", "Catalog.API.csproj", "{4A542BFF-FC1A-4ADB-91AD-E1EFAABAF59C}"
EndProject
Global
	GlobalSection(SolutionConfigurationPlatforms) = preSolution
		Debug|Any CPU = Debug|Any CPU
		Release|Any CPU = Release|Any CPU
	EndGlobalSection
	GlobalSection(ProjectConfigurationPlatforms) = postSolution
		{4A542BFF-FC1A-4ADB-91AD-E1EFAABAF59C}.Debug|Any CPU.ActiveCfg = Debug|Any CPU
		{4A542BFF-FC1A-4ADB-91AD-E1EFAABAF59C}.Debug|Any CPU.Build.0 = Debug|Any CPU
		{4A542BFF-FC1A-4ADB-91AD-E1EFAABAF59C}.Release|Any CPU.ActiveCfg = Release|Any CPU
		{4A542BFF-FC1A-4ADB-91AD-E1EFAABAF59C}.Release|Any CPU.Build.0 = Release|Any CPU
	EndGlobalSection
	GlobalSection(SolutionProperties) = preSolution
		HideSolutionNode = FALSE
	EndGlobalSection
	GlobalSection(ExtensibilityGlobals) = postSolution
		SolutionGuid = {86803F04-7B12-41E9-8613-FF78F969FB2B}
	EndGlobalSection
EndGlobal
