
Microsoft Visual Studio Solution File, Format Version 12.00
# Visual Studio Version 17
VisualStudioVersion = 17.0.31903.59
MinimumVisualStudioVersion = 10.0.40219.1
Project("{2150E333-8FDC-42A3-9474-1A3956D46DE8}") = "Services", "Services", "{0E426923-3A57-4BED-9BF2-677B9EC97350}"
EndProject
Project("{2150E333-8FDC-42A3-9474-1A3956D46DE8}") = "Catalog", "Catalog", "{CFDAF235-5C87-4ED2-9B77-34D36D1BF354}"
EndProject
Project("{E53339B2-1760-4266-BCC7-CA923CBCF16C}") = "docker-compose", "docker-compose.dcproj", "{6EE437CB-C1C1-4397-95D8-DBE13581EFFB}"
EndProject
Project("{FAE04EC0-301F-11D3-BF4B-00C04F79EFBC}") = "Catalog.API", "Services\Catalog\Catalog.API\Catalog.API.csproj", "{B43DBE7D-1FCB-4A41-BEE7-77E19992BF39}"
EndProject
Project("{2150E333-8FDC-42A3-9474-1A3956D46DE8}") = "Basket", "Basket", "{2D700D5B-3F1B-464B-9DC2-199745657F61}"
EndProject
Project("{FAE04EC0-301F-11D3-BF4B-00C04F79EFBC}") = "Basket.API", "Services\Basket\Basket.API\Basket.API.csproj", "{332502E0-BDAE-45F0-9994-799BA97F8BF1}"
EndProject
Project("{2150E333-8FDC-42A3-9474-1A3956D46DE8}") = "Discount", "Discount", "{5807B131-C590-4AAE-A3DD-2C79AAA7665D}"
EndProject
Project("{FAE04EC0-301F-11D3-BF4B-00C04F79EFBC}") = "Discount.API", "Services\Discount\Discount.API\Discount.API.csproj", "{C0627CBA-3C96-406D-AF7C-DF2F0616A59F}"
EndProject
Project("{FAE04EC0-301F-11D3-BF4B-00C04F79EFBC}") = "Discount.Grpc", "Services\Discount\Discount.Grpc\Discount.Grpc.csproj", "{DA9EC703-6E9B-46FB-9A2B-8CA3F80E6AF0}"
EndProject
Project("{2150E333-8FDC-42A3-9474-1A3956D46DE8}") = "Ordering", "Ordering", "{18DEC770-22A3-4711-AFF2-AACBBC508288}"
EndProject
Project("{FAE04EC0-301F-11D3-BF4B-00C04F79EFBC}") = "Ordering.API", "Services\Ordering\Ordering.API\Ordering.API.csproj", "{C0BC6587-AA54-4237-83BC-EAB920BB4EBA}"
EndProject
Project("{FAE04EC0-301F-11D3-BF4B-00C04F79EFBC}") = "Ordering.Domain", "Services\Ordering\Ordering.Domain\Ordering.Domain.csproj", "{C3B6B26C-7625-4492-AEFA-A42E56C97E71}"
EndProject
Project("{FAE04EC0-301F-11D3-BF4B-00C04F79EFBC}") = "Ordering.Application", "Services\Ordering\Ordering.Application\Ordering.Application.csproj", "{512476C3-BCDC-4F34-9A7A-747136F4675A}"
EndProject
Project("{FAE04EC0-301F-11D3-BF4B-00C04F79EFBC}") = "Ordering.Infrastructure", "Services\Ordering\Ordering.Infrastructure\Ordering.Infrastructure.csproj", "{6C984CF7-8A78-4986-9067-BEC8899C262C}"
EndProject
Global
	GlobalSection(SolutionConfigurationPlatforms) = preSolution
		Debug|Any CPU = Debug|Any CPU
		Release|Any CPU = Release|Any CPU
	EndGlobalSection
	GlobalSection(ProjectConfigurationPlatforms) = postSolution
		{6EE437CB-C1C1-4397-95D8-DBE13581EFFB}.Debug|Any CPU.ActiveCfg = Debug|Any CPU
		{6EE437CB-C1C1-4397-95D8-DBE13581EFFB}.Debug|Any CPU.Build.0 = Debug|Any CPU
		{6EE437CB-C1C1-4397-95D8-DBE13581EFFB}.Release|Any CPU.ActiveCfg = Release|Any CPU
		{6EE437CB-C1C1-4397-95D8-DBE13581EFFB}.Release|Any CPU.Build.0 = Release|Any CPU
		{B43DBE7D-1FCB-4A41-BEE7-77E19992BF39}.Debug|Any CPU.ActiveCfg = Debug|Any CPU
		{B43DBE7D-1FCB-4A41-BEE7-77E19992BF39}.Debug|Any CPU.Build.0 = Debug|Any CPU
		{B43DBE7D-1FCB-4A41-BEE7-77E19992BF39}.Release|Any CPU.ActiveCfg = Release|Any CPU
		{B43DBE7D-1FCB-4A41-BEE7-77E19992BF39}.Release|Any CPU.Build.0 = Release|Any CPU
		{332502E0-BDAE-45F0-9994-799BA97F8BF1}.Debug|Any CPU.ActiveCfg = Debug|Any CPU
		{332502E0-BDAE-45F0-9994-799BA97F8BF1}.Debug|Any CPU.Build.0 = Debug|Any CPU
		{332502E0-BDAE-45F0-9994-799BA97F8BF1}.Release|Any CPU.ActiveCfg = Release|Any CPU
		{332502E0-BDAE-45F0-9994-799BA97F8BF1}.Release|Any CPU.Build.0 = Release|Any CPU
		{C0627CBA-3C96-406D-AF7C-DF2F0616A59F}.Debug|Any CPU.ActiveCfg = Debug|Any CPU
		{C0627CBA-3C96-406D-AF7C-DF2F0616A59F}.Debug|Any CPU.Build.0 = Debug|Any CPU
		{C0627CBA-3C96-406D-AF7C-DF2F0616A59F}.Release|Any CPU.ActiveCfg = Release|Any CPU
		{C0627CBA-3C96-406D-AF7C-DF2F0616A59F}.Release|Any CPU.Build.0 = Release|Any CPU
		{DA9EC703-6E9B-46FB-9A2B-8CA3F80E6AF0}.Debug|Any CPU.ActiveCfg = Debug|Any CPU
		{DA9EC703-6E9B-46FB-9A2B-8CA3F80E6AF0}.Debug|Any CPU.Build.0 = Debug|Any CPU
		{DA9EC703-6E9B-46FB-9A2B-8CA3F80E6AF0}.Release|Any CPU.ActiveCfg = Release|Any CPU
		{DA9EC703-6E9B-46FB-9A2B-8CA3F80E6AF0}.Release|Any CPU.Build.0 = Release|Any CPU
		{C0BC6587-AA54-4237-83BC-EAB920BB4EBA}.Debug|Any CPU.ActiveCfg = Debug|Any CPU
		{C0BC6587-AA54-4237-83BC-EAB920BB4EBA}.Debug|Any CPU.Build.0 = Debug|Any CPU
		{C0BC6587-AA54-4237-83BC-EAB920BB4EBA}.Release|Any CPU.ActiveCfg = Release|Any CPU
		{C0BC6587-AA54-4237-83BC-EAB920BB4EBA}.Release|Any CPU.Build.0 = Release|Any CPU
		{C3B6B26C-7625-4492-AEFA-A42E56C97E71}.Debug|Any CPU.ActiveCfg = Debug|Any CPU
		{C3B6B26C-7625-4492-AEFA-A42E56C97E71}.Debug|Any CPU.Build.0 = Debug|Any CPU
		{C3B6B26C-7625-4492-AEFA-A42E56C97E71}.Release|Any CPU.ActiveCfg = Release|Any CPU
		{C3B6B26C-7625-4492-AEFA-A42E56C97E71}.Release|Any CPU.Build.0 = Release|Any CPU
		{512476C3-BCDC-4F34-9A7A-747136F4675A}.Debug|Any CPU.ActiveCfg = Debug|Any CPU
		{512476C3-BCDC-4F34-9A7A-747136F4675A}.Debug|Any CPU.Build.0 = Debug|Any CPU
		{512476C3-BCDC-4F34-9A7A-747136F4675A}.Release|Any CPU.ActiveCfg = Release|Any CPU
		{512476C3-BCDC-4F34-9A7A-747136F4675A}.Release|Any CPU.Build.0 = Release|Any CPU
		{6C984CF7-8A78-4986-9067-BEC8899C262C}.Debug|Any CPU.ActiveCfg = Debug|Any CPU
		{6C984CF7-8A78-4986-9067-BEC8899C262C}.Debug|Any CPU.Build.0 = Debug|Any CPU
		{6C984CF7-8A78-4986-9067-BEC8899C262C}.Release|Any CPU.ActiveCfg = Release|Any CPU
		{6C984CF7-8A78-4986-9067-BEC8899C262C}.Release|Any CPU.Build.0 = Release|Any CPU
	EndGlobalSection
	GlobalSection(SolutionProperties) = preSolution
		HideSolutionNode = FALSE
	EndGlobalSection
	GlobalSection(NestedProjects) = preSolution
		{CFDAF235-5C87-4ED2-9B77-34D36D1BF354} = {0E426923-3A57-4BED-9BF2-677B9EC97350}
		{B43DBE7D-1FCB-4A41-BEE7-77E19992BF39} = {CFDAF235-5C87-4ED2-9B77-34D36D1BF354}
		{2D700D5B-3F1B-464B-9DC2-199745657F61} = {0E426923-3A57-4BED-9BF2-677B9EC97350}
		{332502E0-BDAE-45F0-9994-799BA97F8BF1} = {2D700D5B-3F1B-464B-9DC2-199745657F61}
		{5807B131-C590-4AAE-A3DD-2C79AAA7665D} = {0E426923-3A57-4BED-9BF2-677B9EC97350}
		{C0627CBA-3C96-406D-AF7C-DF2F0616A59F} = {5807B131-C590-4AAE-A3DD-2C79AAA7665D}
		{DA9EC703-6E9B-46FB-9A2B-8CA3F80E6AF0} = {5807B131-C590-4AAE-A3DD-2C79AAA7665D}
		{18DEC770-22A3-4711-AFF2-AACBBC508288} = {0E426923-3A57-4BED-9BF2-677B9EC97350}
		{C0BC6587-AA54-4237-83BC-EAB920BB4EBA} = {18DEC770-22A3-4711-AFF2-AACBBC508288}
		{C3B6B26C-7625-4492-AEFA-A42E56C97E71} = {18DEC770-22A3-4711-AFF2-AACBBC508288}
		{512476C3-BCDC-4F34-9A7A-747136F4675A} = {18DEC770-22A3-4711-AFF2-AACBBC508288}
		{6C984CF7-8A78-4986-9067-BEC8899C262C} = {18DEC770-22A3-4711-AFF2-AACBBC508288}
	EndGlobalSection
	GlobalSection(ExtensibilityGlobals) = postSolution
		SolutionGuid = {7A5D9A93-97ED-4510-9D29-8F233BADE417}
	EndGlobalSection
EndGlobal
